%{"certifi": {:hex, :certifi, "1.2.1", "c3904f192bd5284e5b13f20db3ceac9626e14eeacfbb492e19583cf0e37b22be", [:rebar3], [], "hexpm"},
  "dialyze": {:hex, :dialyze, "0.1.3", "26c483dbd5522e010fffae0eae8ff02a63d57738f5c389073b3ce55dee167a17", [:mix], [], "hexpm"},
  "earmark": {:hex, :earmark, "0.1.13", "b6b865e874d0632998d282b1b1d0747dd8d2a83bef018cb9c3cfe1ad5e0cfa76", [:mix], [], "hexpm"},
  "ex_doc": {:hex, :ex_doc, "0.7.1", "6f9110c88f6d7bfb77372457dcabd4790c05d425e028bf553eb69aece9e80fd5", [:mix], [], "hexpm"},
  "excheck": {:hex, :excheck, "0.2.1", "97f12240cab23712c30c4fd0b54f86f90abba82ba13bfd3798557212a043724d", [:mix], [], "hexpm"},
  "excoveralls": {:hex, :excoveralls, "0.6.3", "894bf9254890a4aac1d1165da08145a72700ff42d8cb6ce8195a584cb2a4b374", [:mix], [{:exjsx, "~> 3.0", [hex: :exjsx, repo: "hexpm", optional: false]}, {:hackney, ">= 0.12.0", [hex: :hackney, repo: "hexpm", optional: false]}], "hexpm"},
  "exjsx": {:hex, :exjsx, "3.2.1", "1bc5bf1e4fd249104178f0885030bcd75a4526f4d2a1e976f4b428d347614f0f", [:mix], [{:jsx, "~> 2.8.0", [hex: :jsx, repo: "hexpm", optional: false]}], "hexpm"},
  "hackney": {:hex, :hackney, "1.8.3", "9148b2311f7d68aff2dc78f2be4da8f05b1a15421b9ef4199ba4935a1d39b3c1", [:rebar3], [{:certifi, "1.2.1", [hex: :certifi, repo: "hexpm", optional: false]}, {:idna, "5.0.1", [hex: :idna, repo: "hexpm", optional: false]}, {:metrics, "1.0.1", [hex: :metrics, repo: "hexpm", optional: false]}, {:mimerl, "1.0.2", [hex: :mimerl, repo: "hexpm", optional: false]}, {:ssl_verify_fun, "1.1.1", [hex: :ssl_verify_fun, repo: "hexpm", optional: false]}], "hexpm"},
  "idna": {:hex, :idna, "5.0.1", "5aa8fdce3f876f49d90daa13f071155a7c3259d02f7847dadd164da4a877da2a", [:rebar3], [{:unicode_util_compat, "0.1.0", [hex: :unicode_util_compat, repo: "hexpm", optional: false]}], "hexpm"},
  "inch_ex": {:hex, :inch_ex, "0.2.4", "617dd08d9c3cbeaad6f2ccee1379a2a88690f1a579950173a25a7a1e816f4f29", [:mix], [{:poison, "~> 1.2", [hex: :poison, repo: "hexpm", optional: false]}], "hexpm"},
  "jsex": {:hex, :jsex, "2.0.0"},
  "jsx": {:hex, :jsx, "2.8.2", "7acc7d785b5abe8a6e9adbde926a24e481f29956dd8b4df49e3e4e7bcc92a018", [:mix, :rebar3], [], "hexpm"},
  "metrics": {:hex, :metrics, "1.0.1", "25f094dea2cda98213cecc3aeff09e940299d950904393b2a29d191c346a8486", [:rebar3], [], "hexpm"},
  "mimerl": {:hex, :mimerl, "1.0.2", "993f9b0e084083405ed8252b99460c4f0563e41729ab42d9074fd5e52439be88", [:rebar3], [], "hexpm"},
  "poison": {:hex, :poison, "1.3.1", "5df7a442df825ebd2e3ebb29a2e17f6ae01d1cd34a5bfcb6c82f32177d4cf130", [:mix], [], "hexpm"},
  "ssl_verify_fun": {:hex, :ssl_verify_fun, "1.1.1", "28a4d65b7f59893bc2c7de786dec1e1555bd742d336043fe644ae956c3497fbe", [:make, :rebar], [], "hexpm"},
  "ssl_verify_hostname": {:hex, :ssl_verify_hostname, "1.0.1", "e6ef428c350d1b7e9c534c0929caae1ecb47c22f88cbbb880e07e46918380cc5", [:make], [], "hexpm"},
  "triq": {:git, "https://github.com/triqng/triq.git", "8dfe582451422839a99efb531dc1f618ced09b33", []},
  "unicode_util_compat": {:hex, :unicode_util_compat, "0.1.0", "f554c539c826eac8bcf101d2dbcc4a798ba8a960a176ca58d0b2f225c265b174", [:rebar3], [], "hexpm"}}
