%{"dialyze": {:hex, :dialyze, "0.1.3", "26c483dbd5522e010fffae0eae8ff02a63d57738f5c389073b3ce55dee167a17", [:mix], [], "hexpm"},
  "earmark": {:hex, :earmark, "0.1.13", "b6b865e874d0632998d282b1b1d0747dd8d2a83bef018cb9c3cfe1ad5e0cfa76", [:mix], [], "hexpm"},
  "ex_doc": {:hex, :ex_doc, "0.7.1", "6f9110c88f6d7bfb77372457dcabd4790c05d425e028bf553eb69aece9e80fd5", [:mix], [], "hexpm"},
  "excheck": {:hex, :excheck, "0.2.1", "97f12240cab23712c30c4fd0b54f86f90abba82ba13bfd3798557212a043724d", [:mix], [], "hexpm"},
  "excoveralls": {:hex, :excoveralls, "0.3.8", "3f42229121acbf66f06afcd82f3ce4724d162d7fc5edaf446d628b02ccf975e1", [:mix], [{:exjsx, "~> 3.0", [hex: :exjsx, repo: "hexpm", optional: false]}, {:hackney, ">= 0.12.0", [hex: :hackney, repo: "hexpm", optional: false]}], "hexpm"},
  "exjsx": {:hex, :exjsx, "3.1.0", "d419162cb2d5be80070835c2c2b8c78c8c45907706c991d23f3750dae506d1e9", [:mix], [{:jsx, "~> 2.4.0", [hex: :jsx, repo: "hexpm", optional: false]}], "hexpm"},
  "hackney": {:hex, :hackney, "1.0.6", "edfabd6f03d7bb2aa224a438b2bd6295faf6df5fd3aeafad7a78cdae41252cde", [:make, :rebar], [{:idna, "1.0.2", [hex: :idna, repo: "hexpm", optional: false]}, {:ssl_verify_hostname, "1.0.1", [hex: :ssl_verify_hostname, repo: "hexpm", optional: false]}], "hexpm"},
  "idna": {:hex, :idna, "1.0.2", "397e3d001c002319da75759b0a81156bf11849c71d565162436d50020cb7265e", [:make], [], "hexpm"},
  "inch_ex": {:hex, :inch_ex, "0.2.4", "617dd08d9c3cbeaad6f2ccee1379a2a88690f1a579950173a25a7a1e816f4f29", [:mix], [{:poison, "~> 1.2", [hex: :poison, repo: "hexpm", optional: false]}], "hexpm"},
  "jsex": {:hex, :jsex, "2.0.0"},
  "jsx": {:hex, :jsx, "2.4.0", "fb83830ac15e981b6ce310b645324ceecd01b1e0847d23921c33df829de5d2db", [:mix], [], "hexpm"},
  "poison": {:hex, :poison, "1.3.1", "5df7a442df825ebd2e3ebb29a2e17f6ae01d1cd34a5bfcb6c82f32177d4cf130", [:mix], [], "hexpm"},
  "ssl_verify_hostname": {:hex, :ssl_verify_hostname, "1.0.1", "e6ef428c350d1b7e9c534c0929caae1ecb47c22f88cbbb880e07e46918380cc5", [:make], [], "hexpm"},
  "triq": {:git, "https://github.com/triqng/triq.git", "8dfe582451422839a99efb531dc1f618ced09b33", []}}
